// !$*UTF8*$!
{
	archiveVersion = 1;
	classes = {
	};
	objectVersion = 46;
	objects = {

/* Begin PBXBuildFile section */
		AE05DA641C69EB79009E68C7 /* RMQChannelIDAllocator.h in Headers */ = {isa = PBXBuildFile; fileRef = AE05DA621C69EB79009E68C7 /* RMQChannelIDAllocator.h */; settings = {ASSET_TAGS = (); }; };
		AE05DA651C69EB79009E68C7 /* RMQChannelIDAllocator.m in Sources */ = {isa = PBXBuildFile; fileRef = AE05DA631C69EB79009E68C7 /* RMQChannelIDAllocator.m */; settings = {ASSET_TAGS = (); }; };
		AE05DA681C69EC47009E68C7 /* RMQIDAllocator.h in Headers */ = {isa = PBXBuildFile; fileRef = AE05DA661C69EC47009E68C7 /* RMQIDAllocator.h */; settings = {ASSET_TAGS = (); }; };
		AE05DA6C1C6A0848009E68C7 /* RMQMessage.h in Headers */ = {isa = PBXBuildFile; fileRef = AE05DA6A1C6A0848009E68C7 /* RMQMessage.h */; settings = {ASSET_TAGS = (); }; };
		AE05DA6D1C6A0848009E68C7 /* RMQMessage.m in Sources */ = {isa = PBXBuildFile; fileRef = AE05DA6B1C6A0848009E68C7 /* RMQMessage.m */; settings = {ASSET_TAGS = (); }; };
		AE111BD71C57B33300F88277 /* TestHelper.swift in Sources */ = {isa = PBXBuildFile; fileRef = AE111BD61C57B33300F88277 /* TestHelper.swift */; settings = {ASSET_TAGS = (); }; };
		AE111BD81C57B33300F88277 /* TestHelper.swift in Sources */ = {isa = PBXBuildFile; fileRef = AE111BD61C57B33300F88277 /* TestHelper.swift */; settings = {ASSET_TAGS = (); }; };
		AE254F5F1C51B4D000DEA468 /* FakeTransport.swift in Sources */ = {isa = PBXBuildFile; fileRef = AE47CF711C51A81D00BA2A9B /* FakeTransport.swift */; settings = {ASSET_TAGS = (); }; };
		AE254F601C51B4D800DEA468 /* Fixtures.swift in Sources */ = {isa = PBXBuildFile; fileRef = AE41C5521C4FC88F00129207 /* Fixtures.swift */; settings = {ASSET_TAGS = (); }; };
		AE39BD9E1C68B019000E7A77 /* AMQProtocolValues.h in Headers */ = {isa = PBXBuildFile; fileRef = AE39BD9C1C68B019000E7A77 /* AMQProtocolValues.h */; settings = {ASSET_TAGS = (); }; };
		AE39BD9F1C68B019000E7A77 /* AMQProtocolValues.m in Sources */ = {isa = PBXBuildFile; fileRef = AE39BD9D1C68B019000E7A77 /* AMQProtocolValues.m */; settings = {ASSET_TAGS = (); }; };
		AE39BDA21C68B105000E7A77 /* AMQProtocolHeader.h in Headers */ = {isa = PBXBuildFile; fileRef = AE39BDA01C68B105000E7A77 /* AMQProtocolHeader.h */; settings = {ASSET_TAGS = (); }; };
		AE39BDA31C68B105000E7A77 /* AMQProtocolHeader.m in Sources */ = {isa = PBXBuildFile; fileRef = AE39BDA11C68B105000E7A77 /* AMQProtocolHeader.m */; settings = {ASSET_TAGS = (); }; };
		AE3E0E381C56416F00186BA7 /* AMQEncodingTest.swift in Sources */ = {isa = PBXBuildFile; fileRef = AE3E0E371C56416F00186BA7 /* AMQEncodingTest.swift */; settings = {ASSET_TAGS = (); }; };
		AE41C5531C4FC88F00129207 /* Fixtures.swift in Sources */ = {isa = PBXBuildFile; fileRef = AE41C5521C4FC88F00129207 /* Fixtures.swift */; settings = {ASSET_TAGS = (); }; };
		AE41C5631C51A2D500129207 /* RMQTransportContract.swift in Sources */ = {isa = PBXBuildFile; fileRef = AE41C5621C51A2D500129207 /* RMQTransportContract.swift */; settings = {ASSET_TAGS = (); }; };
		AE41C5641C51A47700129207 /* RMQTransportContract.swift in Sources */ = {isa = PBXBuildFile; fileRef = AE41C5621C51A2D500129207 /* RMQTransportContract.swift */; settings = {ASSET_TAGS = (); }; };
		AE47CF721C51A81D00BA2A9B /* FakeTransport.swift in Sources */ = {isa = PBXBuildFile; fileRef = AE47CF711C51A81D00BA2A9B /* FakeTransport.swift */; settings = {ASSET_TAGS = (); }; };
		AE4E7F4A1C6A293D00A441EC /* AMQProtocolMethods.h in Headers */ = {isa = PBXBuildFile; fileRef = AE4E7F491C6A293D00A441EC /* AMQProtocolMethods.h */; settings = {ASSET_TAGS = (); }; };
		AE4E7F4B1C6A297900A441EC /* AMQProtocolMethods.m in Sources */ = {isa = PBXBuildFile; fileRef = AEA45EC41C43C20F00FE1F62 /* AMQProtocolMethods.m */; };
		AE4E7F4E1C6A2A8900A441EC /* AMQProtocolConversations.h in Headers */ = {isa = PBXBuildFile; fileRef = AE4E7F4C1C6A2A8900A441EC /* AMQProtocolConversations.h */; settings = {ASSET_TAGS = (); }; };
		AE4E7F4F1C6A2A8900A441EC /* AMQProtocolConversations.m in Sources */ = {isa = PBXBuildFile; fileRef = AE4E7F4D1C6A2A8900A441EC /* AMQProtocolConversations.m */; settings = {ASSET_TAGS = (); }; };
		AE80BAB31C4D47C100E6DFFD /* AMQParser.h in Headers */ = {isa = PBXBuildFile; fileRef = AE80BAB11C4D47C100E6DFFD /* AMQParser.h */; settings = {ASSET_TAGS = (); }; };
		AE80BAB41C4D47C100E6DFFD /* AMQParser.m in Sources */ = {isa = PBXBuildFile; fileRef = AE80BAB21C4D47C100E6DFFD /* AMQParser.m */; settings = {ASSET_TAGS = (); }; };
		AE898D581C3C2D2E00AA3BF1 /* AMQURIParseTest.swift in Sources */ = {isa = PBXBuildFile; fileRef = AE898D571C3C2D2E00AA3BF1 /* AMQURIParseTest.swift */; settings = {ASSET_TAGS = (); }; };
		AE898D5B1C3C30D100AA3BF1 /* AMQURI.h in Headers */ = {isa = PBXBuildFile; fileRef = AE898D591C3C30D100AA3BF1 /* AMQURI.h */; settings = {ASSET_TAGS = (); }; };
		AE898D5C1C3C30D100AA3BF1 /* AMQURI.m in Sources */ = {isa = PBXBuildFile; fileRef = AE898D5A1C3C30D100AA3BF1 /* AMQURI.m */; settings = {ASSET_TAGS = (); }; };
		AEA45EC81C43CBBE00FE1F62 /* RMQConnectionTest.swift in Sources */ = {isa = PBXBuildFile; fileRef = AEA45EC71C43CBBE00FE1F62 /* RMQConnectionTest.swift */; settings = {ASSET_TAGS = (); }; };
		AEA45ECA1C43D2B900FE1F62 /* RMQTransport.h in Headers */ = {isa = PBXBuildFile; fileRef = AEA45EC91C43D2B900FE1F62 /* RMQTransport.h */; settings = {ASSET_TAGS = (); }; };
		AEA45ED11C43F4DC00FE1F62 /* RMQTCPSocketTransport.h in Headers */ = {isa = PBXBuildFile; fileRef = AEA45ECF1C43F4DC00FE1F62 /* RMQTCPSocketTransport.h */; settings = {ASSET_TAGS = (); }; };
		AEA45ED21C43F4DC00FE1F62 /* RMQTCPSocketTransport.m in Sources */ = {isa = PBXBuildFile; fileRef = AEA45ED01C43F4DC00FE1F62 /* RMQTCPSocketTransport.m */; settings = {ASSET_TAGS = (); }; };
		AEA45EDC1C440FE400FE1F62 /* RMQClient.framework in Frameworks */ = {isa = PBXBuildFile; fileRef = AEE7FE911C3BCA6000DF8C4F /* RMQClient.framework */; settings = {ASSET_TAGS = (); }; };
		AEA45EE21C440FFD00FE1F62 /* IntegrationTests.swift in Sources */ = {isa = PBXBuildFile; fileRef = AE607C681C3C0EAD00BE9AC4 /* IntegrationTests.swift */; settings = {ASSET_TAGS = (); }; };
		AEA45EE31C44100C00FE1F62 /* RMQTCPSocketTransportTest.swift in Sources */ = {isa = PBXBuildFile; fileRef = AEA45ECD1C43F44400FE1F62 /* RMQTCPSocketTransportTest.swift */; settings = {ASSET_TAGS = (); }; };
		AEA7A3D91C72255900BDEA05 /* RMQQueueTest.swift in Sources */ = {isa = PBXBuildFile; fileRef = AEA7A3D81C72255900BDEA05 /* RMQQueueTest.swift */; settings = {ASSET_TAGS = (); }; };
		AEADA37E1C71D64A00012D61 /* ControlledInteractionTransport.swift in Sources */ = {isa = PBXBuildFile; fileRef = AEADA37D1C71D64A00012D61 /* ControlledInteractionTransport.swift */; settings = {ASSET_TAGS = (); }; };
		AEADA3811C71F59A00012D61 /* AMQProtocolMethodMap.h in Headers */ = {isa = PBXBuildFile; fileRef = AEADA37F1C71F59A00012D61 /* AMQProtocolMethodMap.h */; settings = {ASSET_TAGS = (); }; };
		AEADA3821C71F59A00012D61 /* AMQProtocolMethodMap.m in Sources */ = {isa = PBXBuildFile; fileRef = AEADA3801C71F59A00012D61 /* AMQProtocolMethodMap.m */; settings = {ASSET_TAGS = (); }; };
		AEC4D1D71C74C1AC00D7D585 /* RMQSender.h in Headers */ = {isa = PBXBuildFile; fileRef = AEC4D1D61C74C1AC00D7D585 /* RMQSender.h */; settings = {ASSET_TAGS = (); }; };
		AED2B68D1C4D87D8005660D6 /* CocoaAsyncSocket.framework in Frameworks */ = {isa = PBXBuildFile; fileRef = AED2B68C1C4D87D8005660D6 /* CocoaAsyncSocket.framework */; settings = {ASSET_TAGS = (); }; };
		AEE445E11C7338FE0082132C /* RMQReaderLoop.h in Headers */ = {isa = PBXBuildFile; fileRef = AEE445DF1C7338FE0082132C /* RMQReaderLoop.h */; settings = {ASSET_TAGS = (); }; };
		AEE445E21C7338FE0082132C /* RMQReaderLoop.m in Sources */ = {isa = PBXBuildFile; fileRef = AEE445E01C7338FE0082132C /* RMQReaderLoop.m */; settings = {ASSET_TAGS = (); }; };
		AEE445E51C7341CB0082132C /* RMQFrameHandler.h in Headers */ = {isa = PBXBuildFile; fileRef = AEE445E31C7341CB0082132C /* RMQFrameHandler.h */; settings = {ASSET_TAGS = (); }; };
		AEE445E81C7342EE0082132C /* RMQReaderLoopTest.swift in Sources */ = {isa = PBXBuildFile; fileRef = AEE445E71C7342EE0082132C /* RMQReaderLoopTest.swift */; settings = {ASSET_TAGS = (); }; };
		AEE445EB1C7373BF0082132C /* AMQProtocolBasicProperties.h in Headers */ = {isa = PBXBuildFile; fileRef = AEE445E91C7373BF0082132C /* AMQProtocolBasicProperties.h */; settings = {ASSET_TAGS = (); }; };
		AEE445EC1C7373BF0082132C /* AMQProtocolBasicProperties.m in Sources */ = {isa = PBXBuildFile; fileRef = AEE445EA1C7373BF0082132C /* AMQProtocolBasicProperties.m */; settings = {ASSET_TAGS = (); }; };
		AEE7FE951C3BCA6000DF8C4F /* RMQClient.h in Headers */ = {isa = PBXBuildFile; fileRef = AEE7FE941C3BCA6000DF8C4F /* RMQClient.h */; settings = {ATTRIBUTES = (Public, ); }; };
		AEE7FE9C1C3BCA6000DF8C4F /* RMQClient.framework in Frameworks */ = {isa = PBXBuildFile; fileRef = AEE7FE911C3BCA6000DF8C4F /* RMQClient.framework */; settings = {ASSET_TAGS = (); }; };
		AEE7FEAD1C3BCD0F00DF8C4F /* RMQConnection.h in Headers */ = {isa = PBXBuildFile; fileRef = AEE7FEAB1C3BCD0F00DF8C4F /* RMQConnection.h */; settings = {ASSET_TAGS = (); }; };
		AEE7FEAE1C3BCD0F00DF8C4F /* RMQConnection.m in Sources */ = {isa = PBXBuildFile; fileRef = AEE7FEAC1C3BCD0F00DF8C4F /* RMQConnection.m */; settings = {ASSET_TAGS = (); }; };
		AEE7FEB11C3BCEBA00DF8C4F /* RMQChannel.h in Headers */ = {isa = PBXBuildFile; fileRef = AEE7FEAF1C3BCEBA00DF8C4F /* RMQChannel.h */; settings = {ASSET_TAGS = (); }; };
		AEE7FEB21C3BCEBA00DF8C4F /* RMQChannel.m in Sources */ = {isa = PBXBuildFile; fileRef = AEE7FEB01C3BCEBA00DF8C4F /* RMQChannel.m */; settings = {ASSET_TAGS = (); }; };
		AEE7FEB51C3BD16200DF8C4F /* RMQQueue.h in Headers */ = {isa = PBXBuildFile; fileRef = AEE7FEB31C3BD16200DF8C4F /* RMQQueue.h */; settings = {ASSET_TAGS = (); }; };
		AEE7FEB61C3BD16200DF8C4F /* RMQQueue.m in Sources */ = {isa = PBXBuildFile; fileRef = AEE7FEB41C3BD16200DF8C4F /* RMQQueue.m */; settings = {ASSET_TAGS = (); }; };
		AEE7FEB91C3BD2B400DF8C4F /* RMQExchange.h in Headers */ = {isa = PBXBuildFile; fileRef = AEE7FEB71C3BD2B400DF8C4F /* RMQExchange.h */; settings = {ASSET_TAGS = (); }; };
		AEE7FEBA1C3BD2B400DF8C4F /* RMQExchange.m in Sources */ = {isa = PBXBuildFile; fileRef = AEE7FEB81C3BD2B400DF8C4F /* RMQExchange.m */; settings = {ASSET_TAGS = (); }; };
		AEEB8B4A1C7DC0A5002D3FCE /* FakeSender.swift in Sources */ = {isa = PBXBuildFile; fileRef = AEEB8B491C7DC0A5002D3FCE /* FakeSender.swift */; settings = {ASSET_TAGS = (); }; };
		AEEB8B4D1C7DD4FA002D3FCE /* FakeFrameHandler.swift in Sources */ = {isa = PBXBuildFile; fileRef = AEEB8B4C1C7DD4FA002D3FCE /* FakeFrameHandler.swift */; settings = {ASSET_TAGS = (); }; };
		AEEEF0821C4F9BFA0056A5EB /* AMQMethodDecoder.h in Headers */ = {isa = PBXBuildFile; fileRef = AEEEF0801C4F9BFA0056A5EB /* AMQMethodDecoder.h */; settings = {ASSET_TAGS = (); }; };
		AEEEF0831C4F9BFA0056A5EB /* AMQMethodDecoder.m in Sources */ = {isa = PBXBuildFile; fileRef = AEEEF0811C4F9BFA0056A5EB /* AMQMethodDecoder.m */; settings = {ASSET_TAGS = (); }; };
/* End PBXBuildFile section */

/* Begin PBXContainerItemProxy section */
		AEA45EDD1C440FE400FE1F62 /* PBXContainerItemProxy */ = {
			isa = PBXContainerItemProxy;
			containerPortal = AEE7FE881C3BCA6000DF8C4F /* Project object */;
			proxyType = 1;
			remoteGlobalIDString = AEE7FE901C3BCA6000DF8C4F;
			remoteInfo = RMQClient;
		};
		AEE7FE9D1C3BCA6000DF8C4F /* PBXContainerItemProxy */ = {
			isa = PBXContainerItemProxy;
			containerPortal = AEE7FE881C3BCA6000DF8C4F /* Project object */;
			proxyType = 1;
			remoteGlobalIDString = AEE7FE901C3BCA6000DF8C4F;
			remoteInfo = RMQClient;
		};
/* End PBXContainerItemProxy section */

/* Begin PBXFileReference section */
		AE05DA621C69EB79009E68C7 /* RMQChannelIDAllocator.h */ = {isa = PBXFileReference; fileEncoding = 4; lastKnownFileType = sourcecode.c.h; path = RMQChannelIDAllocator.h; sourceTree = "<group>"; };
		AE05DA631C69EB79009E68C7 /* RMQChannelIDAllocator.m */ = {isa = PBXFileReference; fileEncoding = 4; lastKnownFileType = sourcecode.c.objc; path = RMQChannelIDAllocator.m; sourceTree = "<group>"; };
		AE05DA661C69EC47009E68C7 /* RMQIDAllocator.h */ = {isa = PBXFileReference; fileEncoding = 4; lastKnownFileType = sourcecode.c.h; path = RMQIDAllocator.h; sourceTree = "<group>"; };
		AE05DA6A1C6A0848009E68C7 /* RMQMessage.h */ = {isa = PBXFileReference; fileEncoding = 4; lastKnownFileType = sourcecode.c.h; path = RMQMessage.h; sourceTree = "<group>"; };
		AE05DA6B1C6A0848009E68C7 /* RMQMessage.m */ = {isa = PBXFileReference; fileEncoding = 4; lastKnownFileType = sourcecode.c.objc; path = RMQMessage.m; sourceTree = "<group>"; };
		AE111BD61C57B33300F88277 /* TestHelper.swift */ = {isa = PBXFileReference; fileEncoding = 4; lastKnownFileType = sourcecode.swift; path = TestHelper.swift; sourceTree = "<group>"; };
		AE39BD9C1C68B019000E7A77 /* AMQProtocolValues.h */ = {isa = PBXFileReference; fileEncoding = 4; lastKnownFileType = sourcecode.c.h; path = AMQProtocolValues.h; sourceTree = "<group>"; };
		AE39BD9D1C68B019000E7A77 /* AMQProtocolValues.m */ = {isa = PBXFileReference; fileEncoding = 4; lastKnownFileType = sourcecode.c.objc; path = AMQProtocolValues.m; sourceTree = "<group>"; };
		AE39BDA01C68B105000E7A77 /* AMQProtocolHeader.h */ = {isa = PBXFileReference; fileEncoding = 4; lastKnownFileType = sourcecode.c.h; path = AMQProtocolHeader.h; sourceTree = "<group>"; };
		AE39BDA11C68B105000E7A77 /* AMQProtocolHeader.m */ = {isa = PBXFileReference; fileEncoding = 4; lastKnownFileType = sourcecode.c.objc; path = AMQProtocolHeader.m; sourceTree = "<group>"; };
		AE3E0E371C56416F00186BA7 /* AMQEncodingTest.swift */ = {isa = PBXFileReference; fileEncoding = 4; lastKnownFileType = sourcecode.swift; path = AMQEncodingTest.swift; sourceTree = "<group>"; };
		AE41C5521C4FC88F00129207 /* Fixtures.swift */ = {isa = PBXFileReference; fileEncoding = 4; lastKnownFileType = sourcecode.swift; path = Fixtures.swift; sourceTree = "<group>"; };
		AE41C5621C51A2D500129207 /* RMQTransportContract.swift */ = {isa = PBXFileReference; fileEncoding = 4; lastKnownFileType = sourcecode.swift; path = RMQTransportContract.swift; sourceTree = "<group>"; };
		AE47CF711C51A81D00BA2A9B /* FakeTransport.swift */ = {isa = PBXFileReference; fileEncoding = 4; lastKnownFileType = sourcecode.swift; path = FakeTransport.swift; sourceTree = "<group>"; };
		AE4E7F491C6A293D00A441EC /* AMQProtocolMethods.h */ = {isa = PBXFileReference; fileEncoding = 4; lastKnownFileType = sourcecode.c.h; path = AMQProtocolMethods.h; sourceTree = "<group>"; };
		AE4E7F4C1C6A2A8900A441EC /* AMQProtocolConversations.h */ = {isa = PBXFileReference; fileEncoding = 4; lastKnownFileType = sourcecode.c.h; path = AMQProtocolConversations.h; sourceTree = "<group>"; };
		AE4E7F4D1C6A2A8900A441EC /* AMQProtocolConversations.m */ = {isa = PBXFileReference; fileEncoding = 4; lastKnownFileType = sourcecode.c.objc; path = AMQProtocolConversations.m; sourceTree = "<group>"; };
		AE607C671C3C0EAD00BE9AC4 /* RMQClientTests-Bridging-Header.h */ = {isa = PBXFileReference; lastKnownFileType = sourcecode.c.h; path = "RMQClientTests-Bridging-Header.h"; sourceTree = "<group>"; };
		AE607C681C3C0EAD00BE9AC4 /* IntegrationTests.swift */ = {isa = PBXFileReference; fileEncoding = 4; lastKnownFileType = sourcecode.swift; path = IntegrationTests.swift; sourceTree = "<group>"; };
		AE80BAB11C4D47C100E6DFFD /* AMQParser.h */ = {isa = PBXFileReference; fileEncoding = 4; lastKnownFileType = sourcecode.c.h; path = AMQParser.h; sourceTree = "<group>"; };
		AE80BAB21C4D47C100E6DFFD /* AMQParser.m */ = {isa = PBXFileReference; fileEncoding = 4; lastKnownFileType = sourcecode.c.objc; path = AMQParser.m; sourceTree = "<group>"; };
		AE898D571C3C2D2E00AA3BF1 /* AMQURIParseTest.swift */ = {isa = PBXFileReference; fileEncoding = 4; lastKnownFileType = sourcecode.swift; path = AMQURIParseTest.swift; sourceTree = "<group>"; };
		AE898D591C3C30D100AA3BF1 /* AMQURI.h */ = {isa = PBXFileReference; fileEncoding = 4; lastKnownFileType = sourcecode.c.h; path = AMQURI.h; sourceTree = "<group>"; };
		AE898D5A1C3C30D100AA3BF1 /* AMQURI.m */ = {isa = PBXFileReference; fileEncoding = 4; lastKnownFileType = sourcecode.c.objc; path = AMQURI.m; sourceTree = "<group>"; };
		AEA45EC41C43C20F00FE1F62 /* AMQProtocolMethods.m */ = {isa = PBXFileReference; fileEncoding = 4; lastKnownFileType = sourcecode.c.objc; path = AMQProtocolMethods.m; sourceTree = "<group>"; };
		AEA45EC71C43CBBE00FE1F62 /* RMQConnectionTest.swift */ = {isa = PBXFileReference; fileEncoding = 4; lastKnownFileType = sourcecode.swift; path = RMQConnectionTest.swift; sourceTree = "<group>"; };
		AEA45EC91C43D2B900FE1F62 /* RMQTransport.h */ = {isa = PBXFileReference; fileEncoding = 4; lastKnownFileType = sourcecode.c.h; path = RMQTransport.h; sourceTree = "<group>"; };
		AEA45ECD1C43F44400FE1F62 /* RMQTCPSocketTransportTest.swift */ = {isa = PBXFileReference; fileEncoding = 4; lastKnownFileType = sourcecode.swift; path = RMQTCPSocketTransportTest.swift; sourceTree = "<group>"; };
		AEA45ECF1C43F4DC00FE1F62 /* RMQTCPSocketTransport.h */ = {isa = PBXFileReference; fileEncoding = 4; lastKnownFileType = sourcecode.c.h; path = RMQTCPSocketTransport.h; sourceTree = "<group>"; };
		AEA45ED01C43F4DC00FE1F62 /* RMQTCPSocketTransport.m */ = {isa = PBXFileReference; fileEncoding = 4; lastKnownFileType = sourcecode.c.objc; path = RMQTCPSocketTransport.m; sourceTree = "<group>"; };
		AEA45ED71C440FE400FE1F62 /* RMQClientIntegrationTests.xctest */ = {isa = PBXFileReference; explicitFileType = wrapper.cfbundle; includeInIndex = 0; path = RMQClientIntegrationTests.xctest; sourceTree = BUILT_PRODUCTS_DIR; };
		AEA45EDB1C440FE400FE1F62 /* Info.plist */ = {isa = PBXFileReference; lastKnownFileType = text.plist.xml; path = Info.plist; sourceTree = "<group>"; };
		AEA45EE41C44111200FE1F62 /* RMQClientIntegrationTests-Bridging-Header.h */ = {isa = PBXFileReference; fileEncoding = 4; lastKnownFileType = sourcecode.c.h; path = "RMQClientIntegrationTests-Bridging-Header.h"; sourceTree = "<group>"; };
		AEA7A3D81C72255900BDEA05 /* RMQQueueTest.swift */ = {isa = PBXFileReference; fileEncoding = 4; lastKnownFileType = sourcecode.swift; path = RMQQueueTest.swift; sourceTree = "<group>"; };
		AEADA37D1C71D64A00012D61 /* ControlledInteractionTransport.swift */ = {isa = PBXFileReference; fileEncoding = 4; lastKnownFileType = sourcecode.swift; path = ControlledInteractionTransport.swift; sourceTree = "<group>"; };
		AEADA37F1C71F59A00012D61 /* AMQProtocolMethodMap.h */ = {isa = PBXFileReference; fileEncoding = 4; lastKnownFileType = sourcecode.c.h; path = AMQProtocolMethodMap.h; sourceTree = "<group>"; };
		AEADA3801C71F59A00012D61 /* AMQProtocolMethodMap.m */ = {isa = PBXFileReference; fileEncoding = 4; lastKnownFileType = sourcecode.c.objc; path = AMQProtocolMethodMap.m; sourceTree = "<group>"; };
		AEC4D1D61C74C1AC00D7D585 /* RMQSender.h */ = {isa = PBXFileReference; fileEncoding = 4; lastKnownFileType = sourcecode.c.h; path = RMQSender.h; sourceTree = "<group>"; };
		AED2B68C1C4D87D8005660D6 /* CocoaAsyncSocket.framework */ = {isa = PBXFileReference; lastKnownFileType = wrapper.framework; name = CocoaAsyncSocket.framework; path = Carthage/Build/iOS/CocoaAsyncSocket.framework; sourceTree = "<group>"; };
		AEE445DF1C7338FE0082132C /* RMQReaderLoop.h */ = {isa = PBXFileReference; fileEncoding = 4; lastKnownFileType = sourcecode.c.h; path = RMQReaderLoop.h; sourceTree = "<group>"; };
		AEE445E01C7338FE0082132C /* RMQReaderLoop.m */ = {isa = PBXFileReference; fileEncoding = 4; lastKnownFileType = sourcecode.c.objc; path = RMQReaderLoop.m; sourceTree = "<group>"; };
		AEE445E31C7341CB0082132C /* RMQFrameHandler.h */ = {isa = PBXFileReference; fileEncoding = 4; lastKnownFileType = sourcecode.c.h; path = RMQFrameHandler.h; sourceTree = "<group>"; };
		AEE445E71C7342EE0082132C /* RMQReaderLoopTest.swift */ = {isa = PBXFileReference; fileEncoding = 4; lastKnownFileType = sourcecode.swift; path = RMQReaderLoopTest.swift; sourceTree = "<group>"; };
		AEE445E91C7373BF0082132C /* AMQProtocolBasicProperties.h */ = {isa = PBXFileReference; fileEncoding = 4; lastKnownFileType = sourcecode.c.h; path = AMQProtocolBasicProperties.h; sourceTree = "<group>"; };
		AEE445EA1C7373BF0082132C /* AMQProtocolBasicProperties.m */ = {isa = PBXFileReference; fileEncoding = 4; lastKnownFileType = sourcecode.c.objc; path = AMQProtocolBasicProperties.m; sourceTree = "<group>"; };
		AEE7FE911C3BCA6000DF8C4F /* RMQClient.framework */ = {isa = PBXFileReference; explicitFileType = wrapper.framework; includeInIndex = 0; path = RMQClient.framework; sourceTree = BUILT_PRODUCTS_DIR; };
		AEE7FE941C3BCA6000DF8C4F /* RMQClient.h */ = {isa = PBXFileReference; lastKnownFileType = sourcecode.c.h; path = RMQClient.h; sourceTree = "<group>"; };
		AEE7FE961C3BCA6000DF8C4F /* Info.plist */ = {isa = PBXFileReference; lastKnownFileType = text.plist.xml; path = Info.plist; sourceTree = "<group>"; };
		AEE7FE9B1C3BCA6000DF8C4F /* RMQClientTests.xctest */ = {isa = PBXFileReference; explicitFileType = wrapper.cfbundle; includeInIndex = 0; path = RMQClientTests.xctest; sourceTree = BUILT_PRODUCTS_DIR; };
		AEE7FEA21C3BCA6000DF8C4F /* Info.plist */ = {isa = PBXFileReference; lastKnownFileType = text.plist.xml; path = Info.plist; sourceTree = "<group>"; };
		AEE7FEAB1C3BCD0F00DF8C4F /* RMQConnection.h */ = {isa = PBXFileReference; fileEncoding = 4; lastKnownFileType = sourcecode.c.h; path = RMQConnection.h; sourceTree = "<group>"; };
		AEE7FEAC1C3BCD0F00DF8C4F /* RMQConnection.m */ = {isa = PBXFileReference; fileEncoding = 4; lastKnownFileType = sourcecode.c.objc; path = RMQConnection.m; sourceTree = "<group>"; };
		AEE7FEAF1C3BCEBA00DF8C4F /* RMQChannel.h */ = {isa = PBXFileReference; fileEncoding = 4; lastKnownFileType = sourcecode.c.h; path = RMQChannel.h; sourceTree = "<group>"; };
		AEE7FEB01C3BCEBA00DF8C4F /* RMQChannel.m */ = {isa = PBXFileReference; fileEncoding = 4; lastKnownFileType = sourcecode.c.objc; path = RMQChannel.m; sourceTree = "<group>"; };
		AEE7FEB31C3BD16200DF8C4F /* RMQQueue.h */ = {isa = PBXFileReference; fileEncoding = 4; lastKnownFileType = sourcecode.c.h; path = RMQQueue.h; sourceTree = "<group>"; };
		AEE7FEB41C3BD16200DF8C4F /* RMQQueue.m */ = {isa = PBXFileReference; fileEncoding = 4; lastKnownFileType = sourcecode.c.objc; path = RMQQueue.m; sourceTree = "<group>"; };
		AEE7FEB71C3BD2B400DF8C4F /* RMQExchange.h */ = {isa = PBXFileReference; fileEncoding = 4; lastKnownFileType = sourcecode.c.h; path = RMQExchange.h; sourceTree = "<group>"; };
		AEE7FEB81C3BD2B400DF8C4F /* RMQExchange.m */ = {isa = PBXFileReference; fileEncoding = 4; lastKnownFileType = sourcecode.c.objc; path = RMQExchange.m; sourceTree = "<group>"; };
		AEEB8B491C7DC0A5002D3FCE /* FakeSender.swift */ = {isa = PBXFileReference; fileEncoding = 4; lastKnownFileType = sourcecode.swift; path = FakeSender.swift; sourceTree = "<group>"; };
		AEEB8B4C1C7DD4FA002D3FCE /* FakeFrameHandler.swift */ = {isa = PBXFileReference; fileEncoding = 4; lastKnownFileType = sourcecode.swift; path = FakeFrameHandler.swift; sourceTree = "<group>"; };
		AEEEF0801C4F9BFA0056A5EB /* AMQMethodDecoder.h */ = {isa = PBXFileReference; fileEncoding = 4; lastKnownFileType = sourcecode.c.h; path = AMQMethodDecoder.h; sourceTree = "<group>"; };
		AEEEF0811C4F9BFA0056A5EB /* AMQMethodDecoder.m */ = {isa = PBXFileReference; fileEncoding = 4; lastKnownFileType = sourcecode.c.objc; path = AMQMethodDecoder.m; sourceTree = "<group>"; };
/* End PBXFileReference section */

/* Begin PBXFrameworksBuildPhase section */
		AEA45ED41C440FE400FE1F62 /* Frameworks */ = {
			isa = PBXFrameworksBuildPhase;
			buildActionMask = 2147483647;
			files = (
				AEA45EDC1C440FE400FE1F62 /* RMQClient.framework in Frameworks */,
			);
			runOnlyForDeploymentPostprocessing = 0;
		};
		AEE7FE8D1C3BCA6000DF8C4F /* Frameworks */ = {
			isa = PBXFrameworksBuildPhase;
			buildActionMask = 2147483647;
			files = (
				AED2B68D1C4D87D8005660D6 /* CocoaAsyncSocket.framework in Frameworks */,
			);
			runOnlyForDeploymentPostprocessing = 0;
		};
		AEE7FE981C3BCA6000DF8C4F /* Frameworks */ = {
			isa = PBXFrameworksBuildPhase;
			buildActionMask = 2147483647;
			files = (
				AEE7FE9C1C3BCA6000DF8C4F /* RMQClient.framework in Frameworks */,
			);
			runOnlyForDeploymentPostprocessing = 0;
		};
/* End PBXFrameworksBuildPhase section */

/* Begin PBXGroup section */
		AEA45ED81C440FE400FE1F62 /* RMQClientIntegrationTests */ = {
			isa = PBXGroup;
			children = (
				AEA45EE41C44111200FE1F62 /* RMQClientIntegrationTests-Bridging-Header.h */,
				AEA45EDB1C440FE400FE1F62 /* Info.plist */,
				AE607C681C3C0EAD00BE9AC4 /* IntegrationTests.swift */,
				AEA45ECD1C43F44400FE1F62 /* RMQTCPSocketTransportTest.swift */,
			);
			path = RMQClientIntegrationTests;
			sourceTree = "<group>";
		};
		AEE7FE871C3BCA6000DF8C4F = {
			isa = PBXGroup;
			children = (
				AEE7FE931C3BCA6000DF8C4F /* RMQClient */,
				AEE7FE9F1C3BCA6000DF8C4F /* RMQClientTests */,
				AEA45ED81C440FE400FE1F62 /* RMQClientIntegrationTests */,
				AEE7FE921C3BCA6000DF8C4F /* Products */,
				AED2B68C1C4D87D8005660D6 /* CocoaAsyncSocket.framework */,
			);
			sourceTree = "<group>";
		};
		AEE7FE921C3BCA6000DF8C4F /* Products */ = {
			isa = PBXGroup;
			children = (
				AEE7FE911C3BCA6000DF8C4F /* RMQClient.framework */,
				AEE7FE9B1C3BCA6000DF8C4F /* RMQClientTests.xctest */,
				AEA45ED71C440FE400FE1F62 /* RMQClientIntegrationTests.xctest */,
			);
			name = Products;
			sourceTree = "<group>";
		};
		AEE7FE931C3BCA6000DF8C4F /* RMQClient */ = {
			isa = PBXGroup;
			children = (
				AEE7FE961C3BCA6000DF8C4F /* Info.plist */,
				AEE7FE941C3BCA6000DF8C4F /* RMQClient.h */,
				AEE7FEAB1C3BCD0F00DF8C4F /* RMQConnection.h */,
				AEE7FEAC1C3BCD0F00DF8C4F /* RMQConnection.m */,
				AEC4D1D61C74C1AC00D7D585 /* RMQSender.h */,
				AEE445E31C7341CB0082132C /* RMQFrameHandler.h */,
				AEE7FEAF1C3BCEBA00DF8C4F /* RMQChannel.h */,
				AEE7FEB01C3BCEBA00DF8C4F /* RMQChannel.m */,
				AE4E7F4C1C6A2A8900A441EC /* AMQProtocolConversations.h */,
				AE4E7F4D1C6A2A8900A441EC /* AMQProtocolConversations.m */,
				AE05DA661C69EC47009E68C7 /* RMQIDAllocator.h */,
				AE05DA621C69EB79009E68C7 /* RMQChannelIDAllocator.h */,
				AE05DA631C69EB79009E68C7 /* RMQChannelIDAllocator.m */,
				AEE7FEB31C3BD16200DF8C4F /* RMQQueue.h */,
				AEE7FEB41C3BD16200DF8C4F /* RMQQueue.m */,
				AE05DA6A1C6A0848009E68C7 /* RMQMessage.h */,
				AE05DA6B1C6A0848009E68C7 /* RMQMessage.m */,
				AEE7FEB71C3BD2B400DF8C4F /* RMQExchange.h */,
				AEE7FEB81C3BD2B400DF8C4F /* RMQExchange.m */,
				AEA45EC91C43D2B900FE1F62 /* RMQTransport.h */,
				AEA45ECF1C43F4DC00FE1F62 /* RMQTCPSocketTransport.h */,
				AEA45ED01C43F4DC00FE1F62 /* RMQTCPSocketTransport.m */,
				AE39BD9C1C68B019000E7A77 /* AMQProtocolValues.h */,
				AE39BD9D1C68B019000E7A77 /* AMQProtocolValues.m */,
				AEE445E91C7373BF0082132C /* AMQProtocolBasicProperties.h */,
				AEE445EA1C7373BF0082132C /* AMQProtocolBasicProperties.m */,
				AE4E7F491C6A293D00A441EC /* AMQProtocolMethods.h */,
				AEA45EC41C43C20F00FE1F62 /* AMQProtocolMethods.m */,
				AEADA37F1C71F59A00012D61 /* AMQProtocolMethodMap.h */,
				AEADA3801C71F59A00012D61 /* AMQProtocolMethodMap.m */,
				AE39BDA01C68B105000E7A77 /* AMQProtocolHeader.h */,
				AE39BDA11C68B105000E7A77 /* AMQProtocolHeader.m */,
				AEEEF0801C4F9BFA0056A5EB /* AMQMethodDecoder.h */,
				AEEEF0811C4F9BFA0056A5EB /* AMQMethodDecoder.m */,
				AE80BAB11C4D47C100E6DFFD /* AMQParser.h */,
				AE80BAB21C4D47C100E6DFFD /* AMQParser.m */,
				AE898D591C3C30D100AA3BF1 /* AMQURI.h */,
				AE898D5A1C3C30D100AA3BF1 /* AMQURI.m */,
				AEE445DF1C7338FE0082132C /* RMQReaderLoop.h */,
				AEE445E01C7338FE0082132C /* RMQReaderLoop.m */,
			);
			path = RMQClient;
			sourceTree = "<group>";
		};
		AEE7FE9F1C3BCA6000DF8C4F /* RMQClientTests */ = {
			isa = PBXGroup;
			children = (
				AEEB8B4B1C7DC64A002D3FCE /* Test Doubles */,
				AE607C671C3C0EAD00BE9AC4 /* RMQClientTests-Bridging-Header.h */,
				AEE7FEA21C3BCA6000DF8C4F /* Info.plist */,
				AE41C5521C4FC88F00129207 /* Fixtures.swift */,
				AE111BD61C57B33300F88277 /* TestHelper.swift */,
				AE898D571C3C2D2E00AA3BF1 /* AMQURIParseTest.swift */,
				AEA45EC71C43CBBE00FE1F62 /* RMQConnectionTest.swift */,
				AEE445E71C7342EE0082132C /* RMQReaderLoopTest.swift */,
				AEA7A3D81C72255900BDEA05 /* RMQQueueTest.swift */,
				AE41C5621C51A2D500129207 /* RMQTransportContract.swift */,
				AE3E0E371C56416F00186BA7 /* AMQEncodingTest.swift */,
			);
			path = RMQClientTests;
			sourceTree = "<group>";
		};
		AEEB8B4B1C7DC64A002D3FCE /* Test Doubles */ = {
			isa = PBXGroup;
			children = (
				AEADA37D1C71D64A00012D61 /* ControlledInteractionTransport.swift */,
				AEEB8B4C1C7DD4FA002D3FCE /* FakeFrameHandler.swift */,
				AEEB8B491C7DC0A5002D3FCE /* FakeSender.swift */,
				AE47CF711C51A81D00BA2A9B /* FakeTransport.swift */,
			);
			name = "Test Doubles";
			sourceTree = "<group>";
		};
/* End PBXGroup section */

/* Begin PBXHeadersBuildPhase section */
		AEE7FE8E1C3BCA6000DF8C4F /* Headers */ = {
			isa = PBXHeadersBuildPhase;
			buildActionMask = 2147483647;
			files = (
				AEA45ECA1C43D2B900FE1F62 /* RMQTransport.h in Headers */,
				AEE7FEB11C3BCEBA00DF8C4F /* RMQChannel.h in Headers */,
				AEADA3811C71F59A00012D61 /* AMQProtocolMethodMap.h in Headers */,
				AE05DA681C69EC47009E68C7 /* RMQIDAllocator.h in Headers */,
				AE05DA641C69EB79009E68C7 /* RMQChannelIDAllocator.h in Headers */,
				AE898D5B1C3C30D100AA3BF1 /* AMQURI.h in Headers */,
				AEE445E51C7341CB0082132C /* RMQFrameHandler.h in Headers */,
				AEC4D1D71C74C1AC00D7D585 /* RMQSender.h in Headers */,
				AEA45ED11C43F4DC00FE1F62 /* RMQTCPSocketTransport.h in Headers */,
				AEE7FEAD1C3BCD0F00DF8C4F /* RMQConnection.h in Headers */,
				AEE7FEB51C3BD16200DF8C4F /* RMQQueue.h in Headers */,
				AE80BAB31C4D47C100E6DFFD /* AMQParser.h in Headers */,
				AE4E7F4E1C6A2A8900A441EC /* AMQProtocolConversations.h in Headers */,
				AEEEF0821C4F9BFA0056A5EB /* AMQMethodDecoder.h in Headers */,
				AEE445EB1C7373BF0082132C /* AMQProtocolBasicProperties.h in Headers */,
				AEE7FE951C3BCA6000DF8C4F /* RMQClient.h in Headers */,
				AE4E7F4A1C6A293D00A441EC /* AMQProtocolMethods.h in Headers */,
				AE39BDA21C68B105000E7A77 /* AMQProtocolHeader.h in Headers */,
				AE05DA6C1C6A0848009E68C7 /* RMQMessage.h in Headers */,
				AEE7FEB91C3BD2B400DF8C4F /* RMQExchange.h in Headers */,
				AEE445E11C7338FE0082132C /* RMQReaderLoop.h in Headers */,
				AE39BD9E1C68B019000E7A77 /* AMQProtocolValues.h in Headers */,
			);
			runOnlyForDeploymentPostprocessing = 0;
		};
/* End PBXHeadersBuildPhase section */

/* Begin PBXNativeTarget section */
		AEA45ED61C440FE400FE1F62 /* RMQClientIntegrationTests */ = {
			isa = PBXNativeTarget;
			buildConfigurationList = AEA45EDF1C440FE400FE1F62 /* Build configuration list for PBXNativeTarget "RMQClientIntegrationTests" */;
			buildPhases = (
				AEA45ED31C440FE400FE1F62 /* Sources */,
				AEA45ED41C440FE400FE1F62 /* Frameworks */,
				AEA45ED51C440FE400FE1F62 /* Resources */,
				AEEB97A81C58E2890051C6A6 /* ShellScript */,
			);
			buildRules = (
			);
			dependencies = (
				AEA45EDE1C440FE400FE1F62 /* PBXTargetDependency */,
			);
			name = RMQClientIntegrationTests;
			productName = RMQClientIntegrationTests;
			productReference = AEA45ED71C440FE400FE1F62 /* RMQClientIntegrationTests.xctest */;
			productType = "com.apple.product-type.bundle.unit-test";
		};
		AEE7FE901C3BCA6000DF8C4F /* RMQClient */ = {
			isa = PBXNativeTarget;
			buildConfigurationList = AEE7FEA51C3BCA6000DF8C4F /* Build configuration list for PBXNativeTarget "RMQClient" */;
			buildPhases = (
				AEE7FE8C1C3BCA6000DF8C4F /* Sources */,
				AEE7FE8D1C3BCA6000DF8C4F /* Frameworks */,
				AEE7FE8E1C3BCA6000DF8C4F /* Headers */,
				AEE7FE8F1C3BCA6000DF8C4F /* Resources */,
				AE637E2C1C4CFF28006F9EDF /* ShellScript */,
			);
			buildRules = (
			);
			dependencies = (
			);
			name = RMQClient;
			productName = RMQClient;
			productReference = AEE7FE911C3BCA6000DF8C4F /* RMQClient.framework */;
			productType = "com.apple.product-type.framework";
		};
		AEE7FE9A1C3BCA6000DF8C4F /* RMQClientTests */ = {
			isa = PBXNativeTarget;
			buildConfigurationList = AEE7FEA81C3BCA6000DF8C4F /* Build configuration list for PBXNativeTarget "RMQClientTests" */;
			buildPhases = (
				AEE7FE971C3BCA6000DF8C4F /* Sources */,
				AEE7FE981C3BCA6000DF8C4F /* Frameworks */,
				AEE7FE991C3BCA6000DF8C4F /* Resources */,
			);
			buildRules = (
			);
			dependencies = (
				AEE7FE9E1C3BCA6000DF8C4F /* PBXTargetDependency */,
			);
			name = RMQClientTests;
			productName = RMQClientTests;
			productReference = AEE7FE9B1C3BCA6000DF8C4F /* RMQClientTests.xctest */;
			productType = "com.apple.product-type.bundle.unit-test";
		};
/* End PBXNativeTarget section */

/* Begin PBXProject section */
		AEE7FE881C3BCA6000DF8C4F /* Project object */ = {
			isa = PBXProject;
			attributes = {
				LastSwiftUpdateCheck = 0700;
				LastUpgradeCheck = 0700;
				ORGANIZATIONNAME = Pivotal;
				TargetAttributes = {
					AEA45ED61C440FE400FE1F62 = {
						CreatedOnToolsVersion = 7.0;
					};
					AEE7FE901C3BCA6000DF8C4F = {
						CreatedOnToolsVersion = 7.0;
					};
					AEE7FE9A1C3BCA6000DF8C4F = {
						CreatedOnToolsVersion = 7.0;
					};
				};
			};
			buildConfigurationList = AEE7FE8B1C3BCA6000DF8C4F /* Build configuration list for PBXProject "RMQClient" */;
			compatibilityVersion = "Xcode 3.2";
			developmentRegion = English;
			hasScannedForEncodings = 0;
			knownRegions = (
				en,
			);
			mainGroup = AEE7FE871C3BCA6000DF8C4F;
			productRefGroup = AEE7FE921C3BCA6000DF8C4F /* Products */;
			projectDirPath = "";
			projectRoot = "";
			targets = (
				AEE7FE901C3BCA6000DF8C4F /* RMQClient */,
				AEE7FE9A1C3BCA6000DF8C4F /* RMQClientTests */,
				AEA45ED61C440FE400FE1F62 /* RMQClientIntegrationTests */,
			);
		};
/* End PBXProject section */

/* Begin PBXResourcesBuildPhase section */
		AEA45ED51C440FE400FE1F62 /* Resources */ = {
			isa = PBXResourcesBuildPhase;
			buildActionMask = 2147483647;
			files = (
			);
			runOnlyForDeploymentPostprocessing = 0;
		};
		AEE7FE8F1C3BCA6000DF8C4F /* Resources */ = {
			isa = PBXResourcesBuildPhase;
			buildActionMask = 2147483647;
			files = (
			);
			runOnlyForDeploymentPostprocessing = 0;
		};
		AEE7FE991C3BCA6000DF8C4F /* Resources */ = {
			isa = PBXResourcesBuildPhase;
			buildActionMask = 2147483647;
			files = (
			);
			runOnlyForDeploymentPostprocessing = 0;
		};
/* End PBXResourcesBuildPhase section */

/* Begin PBXShellScriptBuildPhase section */
		AE637E2C1C4CFF28006F9EDF /* ShellScript */ = {
			isa = PBXShellScriptBuildPhase;
			buildActionMask = 2147483647;
			files = (
			);
			inputPaths = (
				"$(SRCROOT)/Carthage/Build/iOS/CocoaAsyncSocket.framework",
				"$(SRCROOT)/Carthage/Build/iOS/Mantle.framework",
			);
			outputPaths = (
			);
			runOnlyForDeploymentPostprocessing = 0;
			shellPath = /bin/sh;
			shellScript = "/usr/local/bin/carthage copy-frameworks";
		};
		AEEB97A81C58E2890051C6A6 /* ShellScript */ = {
			isa = PBXShellScriptBuildPhase;
			buildActionMask = 2147483647;
			files = (
			);
			inputPaths = (
				"$(SRCROOT)/Carthage/Build/iOS/CocoaAsyncSocket.framework",
			);
			outputPaths = (
			);
			runOnlyForDeploymentPostprocessing = 0;
			shellPath = /bin/sh;
			shellScript = "/usr/local/bin/carthage copy-frameworks";
		};
/* End PBXShellScriptBuildPhase section */

/* Begin PBXSourcesBuildPhase section */
		AEA45ED31C440FE400FE1F62 /* Sources */ = {
			isa = PBXSourcesBuildPhase;
			buildActionMask = 2147483647;
			files = (
				AE41C5641C51A47700129207 /* RMQTransportContract.swift in Sources */,
				AEA45EE21C440FFD00FE1F62 /* IntegrationTests.swift in Sources */,
				AE254F5F1C51B4D000DEA468 /* FakeTransport.swift in Sources */,
				AE111BD81C57B33300F88277 /* TestHelper.swift in Sources */,
				AE254F601C51B4D800DEA468 /* Fixtures.swift in Sources */,
				AEA45EE31C44100C00FE1F62 /* RMQTCPSocketTransportTest.swift in Sources */,
			);
			runOnlyForDeploymentPostprocessing = 0;
		};
		AEE7FE8C1C3BCA6000DF8C4F /* Sources */ = {
			isa = PBXSourcesBuildPhase;
			buildActionMask = 2147483647;
			files = (
				AE4E7F4F1C6A2A8900A441EC /* AMQProtocolConversations.m in Sources */,
				AEADA3821C71F59A00012D61 /* AMQProtocolMethodMap.m in Sources */,
				AE4E7F4B1C6A297900A441EC /* AMQProtocolMethods.m in Sources */,
				AE39BDA31C68B105000E7A77 /* AMQProtocolHeader.m in Sources */,
				AEE7FEBA1C3BD2B400DF8C4F /* RMQExchange.m in Sources */,
				AEE445E21C7338FE0082132C /* RMQReaderLoop.m in Sources */,
				AEE7FEAE1C3BCD0F00DF8C4F /* RMQConnection.m in Sources */,
				AEA45ED21C43F4DC00FE1F62 /* RMQTCPSocketTransport.m in Sources */,
				AE05DA651C69EB79009E68C7 /* RMQChannelIDAllocator.m in Sources */,
				AE39BD9F1C68B019000E7A77 /* AMQProtocolValues.m in Sources */,
				AE898D5C1C3C30D100AA3BF1 /* AMQURI.m in Sources */,
				AEE445EC1C7373BF0082132C /* AMQProtocolBasicProperties.m in Sources */,
				AE80BAB41C4D47C100E6DFFD /* AMQParser.m in Sources */,
				AE05DA6D1C6A0848009E68C7 /* RMQMessage.m in Sources */,
				AEE7FEB61C3BD16200DF8C4F /* RMQQueue.m in Sources */,
				AEEEF0831C4F9BFA0056A5EB /* AMQMethodDecoder.m in Sources */,
				AEE7FEB21C3BCEBA00DF8C4F /* RMQChannel.m in Sources */,
			);
			runOnlyForDeploymentPostprocessing = 0;
		};
		AEE7FE971C3BCA6000DF8C4F /* Sources */ = {
			isa = PBXSourcesBuildPhase;
			buildActionMask = 2147483647;
			files = (
				AE41C5631C51A2D500129207 /* RMQTransportContract.swift in Sources */,
				AE898D581C3C2D2E00AA3BF1 /* AMQURIParseTest.swift in Sources */,
				AE47CF721C51A81D00BA2A9B /* FakeTransport.swift in Sources */,
				AEE445E81C7342EE0082132C /* RMQReaderLoopTest.swift in Sources */,
				AE41C5531C4FC88F00129207 /* Fixtures.swift in Sources */,
				AEADA37E1C71D64A00012D61 /* ControlledInteractionTransport.swift in Sources */,
				AE111BD71C57B33300F88277 /* TestHelper.swift in Sources */,
				AE3E0E381C56416F00186BA7 /* AMQEncodingTest.swift in Sources */,
				AEA7A3D91C72255900BDEA05 /* RMQQueueTest.swift in Sources */,
				AEEB8B4D1C7DD4FA002D3FCE /* FakeFrameHandler.swift in Sources */,
				AEEB8B4A1C7DC0A5002D3FCE /* FakeSender.swift in Sources */,
				AEA45EC81C43CBBE00FE1F62 /* RMQConnectionTest.swift in Sources */,
			);
			runOnlyForDeploymentPostprocessing = 0;
		};
/* End PBXSourcesBuildPhase section */

/* Begin PBXTargetDependency section */
		AEA45EDE1C440FE400FE1F62 /* PBXTargetDependency */ = {
			isa = PBXTargetDependency;
			target = AEE7FE901C3BCA6000DF8C4F /* RMQClient */;
			targetProxy = AEA45EDD1C440FE400FE1F62 /* PBXContainerItemProxy */;
		};
		AEE7FE9E1C3BCA6000DF8C4F /* PBXTargetDependency */ = {
			isa = PBXTargetDependency;
			target = AEE7FE901C3BCA6000DF8C4F /* RMQClient */;
			targetProxy = AEE7FE9D1C3BCA6000DF8C4F /* PBXContainerItemProxy */;
		};
/* End PBXTargetDependency section */

/* Begin XCBuildConfiguration section */
		AEA45EE01C440FE400FE1F62 /* Debug */ = {
			isa = XCBuildConfiguration;
			buildSettings = {
				FRAMEWORK_SEARCH_PATHS = (
					"$(inherited)",
					"$(PROJECT_DIR)/Carthage/Build/iOS",
				);
				INFOPLIST_FILE = RMQClientIntegrationTests/Info.plist;
				LD_RUNPATH_SEARCH_PATHS = "$(inherited) @executable_path/Frameworks @loader_path/Frameworks";
				PRODUCT_BUNDLE_IDENTIFIER = io.pivotal.RMQClientIntegrationTests;
				PRODUCT_NAME = "$(TARGET_NAME)";
				SWIFT_OBJC_BRIDGING_HEADER = "RMQClientIntegrationTests/RMQClientIntegrationTests-Bridging-Header.h";
				SWIFT_OPTIMIZATION_LEVEL = "-Onone";
			};
			name = Debug;
		};
		AEA45EE11C440FE400FE1F62 /* Release */ = {
			isa = XCBuildConfiguration;
			buildSettings = {
				FRAMEWORK_SEARCH_PATHS = (
					"$(inherited)",
					"$(PROJECT_DIR)/Carthage/Build/iOS",
				);
				INFOPLIST_FILE = RMQClientIntegrationTests/Info.plist;
				LD_RUNPATH_SEARCH_PATHS = "$(inherited) @executable_path/Frameworks @loader_path/Frameworks";
				PRODUCT_BUNDLE_IDENTIFIER = io.pivotal.RMQClientIntegrationTests;
				PRODUCT_NAME = "$(TARGET_NAME)";
				SWIFT_OBJC_BRIDGING_HEADER = "RMQClientIntegrationTests/RMQClientIntegrationTests-Bridging-Header.h";
			};
			name = Release;
		};
		AEE7FEA31C3BCA6000DF8C4F /* Debug */ = {
			isa = XCBuildConfiguration;
			buildSettings = {
				ALWAYS_SEARCH_USER_PATHS = NO;
				CLANG_CXX_LANGUAGE_STANDARD = "gnu++0x";
				CLANG_CXX_LIBRARY = "libc++";
				CLANG_ENABLE_MODULES = YES;
				CLANG_ENABLE_OBJC_ARC = YES;
				CLANG_WARN_BOOL_CONVERSION = YES;
				CLANG_WARN_CONSTANT_CONVERSION = YES;
				CLANG_WARN_DIRECT_OBJC_ISA_USAGE = YES_ERROR;
				CLANG_WARN_EMPTY_BODY = YES;
				CLANG_WARN_ENUM_CONVERSION = YES;
				CLANG_WARN_INT_CONVERSION = YES;
				CLANG_WARN_OBJC_ROOT_CLASS = YES_ERROR;
				CLANG_WARN_UNREACHABLE_CODE = YES;
				CLANG_WARN__DUPLICATE_METHOD_MATCH = YES;
				"CODE_SIGN_IDENTITY[sdk=iphoneos*]" = "iPhone Developer";
				COPY_PHASE_STRIP = NO;
				CURRENT_PROJECT_VERSION = 1;
				DEBUG_INFORMATION_FORMAT = dwarf;
				ENABLE_STRICT_OBJC_MSGSEND = YES;
				ENABLE_TESTABILITY = YES;
				GCC_C_LANGUAGE_STANDARD = gnu99;
				GCC_DYNAMIC_NO_PIC = NO;
				GCC_NO_COMMON_BLOCKS = YES;
				GCC_OPTIMIZATION_LEVEL = 0;
				GCC_PREPROCESSOR_DEFINITIONS = (
					"DEBUG=1",
					"$(inherited)",
				);
				GCC_WARN_64_TO_32_BIT_CONVERSION = YES;
				GCC_WARN_ABOUT_RETURN_TYPE = YES_ERROR;
				GCC_WARN_UNDECLARED_SELECTOR = YES;
				GCC_WARN_UNINITIALIZED_AUTOS = YES_AGGRESSIVE;
				GCC_WARN_UNUSED_FUNCTION = YES;
				GCC_WARN_UNUSED_VARIABLE = YES;
				IPHONEOS_DEPLOYMENT_TARGET = 9.0;
				MTL_ENABLE_DEBUG_INFO = YES;
				ONLY_ACTIVE_ARCH = YES;
				SDKROOT = iphoneos;
				TARGETED_DEVICE_FAMILY = "1,2";
				VERSIONING_SYSTEM = "apple-generic";
				VERSION_INFO_PREFIX = "";
			};
			name = Debug;
		};
		AEE7FEA41C3BCA6000DF8C4F /* Release */ = {
			isa = XCBuildConfiguration;
			buildSettings = {
				ALWAYS_SEARCH_USER_PATHS = NO;
				CLANG_CXX_LANGUAGE_STANDARD = "gnu++0x";
				CLANG_CXX_LIBRARY = "libc++";
				CLANG_ENABLE_MODULES = YES;
				CLANG_ENABLE_OBJC_ARC = YES;
				CLANG_WARN_BOOL_CONVERSION = YES;
				CLANG_WARN_CONSTANT_CONVERSION = YES;
				CLANG_WARN_DIRECT_OBJC_ISA_USAGE = YES_ERROR;
				CLANG_WARN_EMPTY_BODY = YES;
				CLANG_WARN_ENUM_CONVERSION = YES;
				CLANG_WARN_INT_CONVERSION = YES;
				CLANG_WARN_OBJC_ROOT_CLASS = YES_ERROR;
				CLANG_WARN_UNREACHABLE_CODE = YES;
				CLANG_WARN__DUPLICATE_METHOD_MATCH = YES;
				"CODE_SIGN_IDENTITY[sdk=iphoneos*]" = "iPhone Developer";
				COPY_PHASE_STRIP = NO;
				CURRENT_PROJECT_VERSION = 1;
				DEBUG_INFORMATION_FORMAT = "dwarf-with-dsym";
				ENABLE_NS_ASSERTIONS = NO;
				ENABLE_STRICT_OBJC_MSGSEND = YES;
				GCC_C_LANGUAGE_STANDARD = gnu99;
				GCC_NO_COMMON_BLOCKS = YES;
				GCC_WARN_64_TO_32_BIT_CONVERSION = YES;
				GCC_WARN_ABOUT_RETURN_TYPE = YES_ERROR;
				GCC_WARN_UNDECLARED_SELECTOR = YES;
				GCC_WARN_UNINITIALIZED_AUTOS = YES_AGGRESSIVE;
				GCC_WARN_UNUSED_FUNCTION = YES;
				GCC_WARN_UNUSED_VARIABLE = YES;
				IPHONEOS_DEPLOYMENT_TARGET = 9.0;
				MTL_ENABLE_DEBUG_INFO = NO;
				SDKROOT = iphoneos;
				TARGETED_DEVICE_FAMILY = "1,2";
				VALIDATE_PRODUCT = YES;
				VERSIONING_SYSTEM = "apple-generic";
				VERSION_INFO_PREFIX = "";
			};
			name = Release;
		};
		AEE7FEA61C3BCA6000DF8C4F /* Debug */ = {
			isa = XCBuildConfiguration;
			buildSettings = {
				DEFINES_MODULE = YES;
				DYLIB_COMPATIBILITY_VERSION = 1;
				DYLIB_CURRENT_VERSION = 1;
				DYLIB_INSTALL_NAME_BASE = "@rpath";
				FRAMEWORK_SEARCH_PATHS = (
					"$(inherited)",
					"$(PROJECT_DIR)/Carthage/Build/iOS",
				);
				INFOPLIST_FILE = RMQClient/Info.plist;
				INSTALL_PATH = "$(LOCAL_LIBRARY_DIR)/Frameworks";
				LD_RUNPATH_SEARCH_PATHS = "$(inherited) @executable_path/Frameworks @loader_path/Frameworks";
				PRODUCT_BUNDLE_IDENTIFIER = io.pivotal.RMQClient;
				PRODUCT_NAME = "$(TARGET_NAME)";
				SKIP_INSTALL = YES;
			};
			name = Debug;
		};
		AEE7FEA71C3BCA6000DF8C4F /* Release */ = {
			isa = XCBuildConfiguration;
			buildSettings = {
				DEFINES_MODULE = YES;
				DYLIB_COMPATIBILITY_VERSION = 1;
				DYLIB_CURRENT_VERSION = 1;
				DYLIB_INSTALL_NAME_BASE = "@rpath";
				FRAMEWORK_SEARCH_PATHS = (
					"$(inherited)",
					"$(PROJECT_DIR)/Carthage/Build/iOS",
				);
				INFOPLIST_FILE = RMQClient/Info.plist;
				INSTALL_PATH = "$(LOCAL_LIBRARY_DIR)/Frameworks";
				LD_RUNPATH_SEARCH_PATHS = "$(inherited) @executable_path/Frameworks @loader_path/Frameworks";
				PRODUCT_BUNDLE_IDENTIFIER = io.pivotal.RMQClient;
				PRODUCT_NAME = "$(TARGET_NAME)";
				SKIP_INSTALL = YES;
			};
			name = Release;
		};
		AEE7FEA91C3BCA6000DF8C4F /* Debug */ = {
			isa = XCBuildConfiguration;
			buildSettings = {
				CLANG_ENABLE_MODULES = YES;
				FRAMEWORK_SEARCH_PATHS = (
					"$(inherited)",
					"$(PROJECT_DIR)/Carthage/Build/iOS",
				);
				INFOPLIST_FILE = RMQClientTests/Info.plist;
				LD_RUNPATH_SEARCH_PATHS = "$(inherited) @executable_path/Frameworks @loader_path/Frameworks";
				PRODUCT_BUNDLE_IDENTIFIER = io.pivotal.RMQClientTests;
				PRODUCT_NAME = "$(TARGET_NAME)";
				SWIFT_OBJC_BRIDGING_HEADER = "RMQClientTests/RMQClientTests-Bridging-Header.h";
				SWIFT_OPTIMIZATION_LEVEL = "-Onone";
			};
			name = Debug;
		};
		AEE7FEAA1C3BCA6000DF8C4F /* Release */ = {
			isa = XCBuildConfiguration;
			buildSettings = {
				CLANG_ENABLE_MODULES = YES;
				FRAMEWORK_SEARCH_PATHS = (
					"$(inherited)",
					"$(PROJECT_DIR)/Carthage/Build/iOS",
				);
				INFOPLIST_FILE = RMQClientTests/Info.plist;
				LD_RUNPATH_SEARCH_PATHS = "$(inherited) @executable_path/Frameworks @loader_path/Frameworks";
				PRODUCT_BUNDLE_IDENTIFIER = io.pivotal.RMQClientTests;
				PRODUCT_NAME = "$(TARGET_NAME)";
				SWIFT_OBJC_BRIDGING_HEADER = "RMQClientTests/RMQClientTests-Bridging-Header.h";
			};
			name = Release;
		};
/* End XCBuildConfiguration section */

/* Begin XCConfigurationList section */
		AEA45EDF1C440FE400FE1F62 /* Build configuration list for PBXNativeTarget "RMQClientIntegrationTests" */ = {
			isa = XCConfigurationList;
			buildConfigurations = (
				AEA45EE01C440FE400FE1F62 /* Debug */,
				AEA45EE11C440FE400FE1F62 /* Release */,
			);
			defaultConfigurationIsVisible = 0;
			defaultConfigurationName = Release;
		};
		AEE7FE8B1C3BCA6000DF8C4F /* Build configuration list for PBXProject "RMQClient" */ = {
			isa = XCConfigurationList;
			buildConfigurations = (
				AEE7FEA31C3BCA6000DF8C4F /* Debug */,
				AEE7FEA41C3BCA6000DF8C4F /* Release */,
			);
			defaultConfigurationIsVisible = 0;
			defaultConfigurationName = Release;
		};
		AEE7FEA51C3BCA6000DF8C4F /* Build configuration list for PBXNativeTarget "RMQClient" */ = {
			isa = XCConfigurationList;
			buildConfigurations = (
				AEE7FEA61C3BCA6000DF8C4F /* Debug */,
				AEE7FEA71C3BCA6000DF8C4F /* Release */,
			);
			defaultConfigurationIsVisible = 0;
			defaultConfigurationName = Release;
		};
		AEE7FEA81C3BCA6000DF8C4F /* Build configuration list for PBXNativeTarget "RMQClientTests" */ = {
			isa = XCConfigurationList;
			buildConfigurations = (
				AEE7FEA91C3BCA6000DF8C4F /* Debug */,
				AEE7FEAA1C3BCA6000DF8C4F /* Release */,
			);
			defaultConfigurationIsVisible = 0;
			defaultConfigurationName = Release;
		};
/* End XCConfigurationList section */
	};
	rootObject = AEE7FE881C3BCA6000DF8C4F /* Project object */;
}
